
Microsoft Visual Studio Solution File, Format Version 12.00
# Visual Studio Version 17
VisualStudioVersion = 17.5.33424.131
MinimumVisualStudioVersion = 10.0.40219.1
Project("{FAE04EC0-301F-11D3-BF4B-00C04F79EFBC}") = "SaveHubspotContactToSql", "SaveHubspotContactToSql\SaveHubspotContactToSql.csproj", "{742B6A4E-126F-4FA1-A46F-168C54EF720F}"
EndProject
Project("{FAE04EC0-301F-11D3-BF4B-00C04F79EFBC}") = "Domain", "Domain\Domain.csproj", "{A353B923-C610-4528-BCF5-4F18B9B530E6}"
EndProject
Project("{FAE04EC0-301F-11D3-BF4B-00C04F79EFBC}") = "Infrastructure", "Infrastructure\Infrastructure.csproj", "{C5449F2B-3FDF-4758-BBD6-2DA63EE43265}"
EndProject
Project("{FAE04EC0-301F-11D3-BF4B-00C04F79EFBC}") = "Application", "Application\Application.csproj", "{758B2440-8F12-4B18-8519-0CA8EC943942}"
EndProject
Project("{FAE04EC0-301F-11D3-BF4B-00C04F79EFBC}") = "ContactsApi", "ContactsApi\ContactsApi.csproj", "{B9057952-08FD-4671-A3CB-02F90786DD53}"
EndProject
Global
	GlobalSection(SolutionConfigurationPlatforms) = preSolution
		Debug|Any CPU = Debug|Any CPU
		Release|Any CPU = Release|Any CPU
	EndGlobalSection
	GlobalSection(ProjectConfigurationPlatforms) = postSolution
		{742B6A4E-126F-4FA1-A46F-168C54EF720F}.Debug|Any CPU.ActiveCfg = Debug|Any CPU
		{742B6A4E-126F-4FA1-A46F-168C54EF720F}.Debug|Any CPU.Build.0 = Debug|Any CPU
		{742B6A4E-126F-4FA1-A46F-168C54EF720F}.Release|Any CPU.ActiveCfg = Release|Any CPU
		{742B6A4E-126F-4FA1-A46F-168C54EF720F}.Release|Any CPU.Build.0 = Release|Any CPU
		{A353B923-C610-4528-BCF5-4F18B9B530E6}.Debug|Any CPU.ActiveCfg = Debug|Any CPU
		{A353B923-C610-4528-BCF5-4F18B9B530E6}.Debug|Any CPU.Build.0 = Debug|Any CPU
		{A353B923-C610-4528-BCF5-4F18B9B530E6}.Release|Any CPU.ActiveCfg = Release|Any CPU
		{A353B923-C610-4528-BCF5-4F18B9B530E6}.Release|Any CPU.Build.0 = Release|Any CPU
		{C5449F2B-3FDF-4758-BBD6-2DA63EE43265}.Debug|Any CPU.ActiveCfg = Debug|Any CPU
		{C5449F2B-3FDF-4758-BBD6-2DA63EE43265}.Debug|Any CPU.Build.0 = Debug|Any CPU
		{C5449F2B-3FDF-4758-BBD6-2DA63EE43265}.Release|Any CPU.ActiveCfg = Release|Any CPU
		{C5449F2B-3FDF-4758-BBD6-2DA63EE43265}.Release|Any CPU.Build.0 = Release|Any CPU
		{758B2440-8F12-4B18-8519-0CA8EC943942}.Debug|Any CPU.ActiveCfg = Debug|Any CPU
		{758B2440-8F12-4B18-8519-0CA8EC943942}.Debug|Any CPU.Build.0 = Debug|Any CPU
		{758B2440-8F12-4B18-8519-0CA8EC943942}.Release|Any CPU.ActiveCfg = Release|Any CPU
		{758B2440-8F12-4B18-8519-0CA8EC943942}.Release|Any CPU.Build.0 = Release|Any CPU
		{B9057952-08FD-4671-A3CB-02F90786DD53}.Debug|Any CPU.ActiveCfg = Debug|Any CPU
		{B9057952-08FD-4671-A3CB-02F90786DD53}.Debug|Any CPU.Build.0 = Debug|Any CPU
		{B9057952-08FD-4671-A3CB-02F90786DD53}.Release|Any CPU.ActiveCfg = Release|Any CPU
		{B9057952-08FD-4671-A3CB-02F90786DD53}.Release|Any CPU.Build.0 = Release|Any CPU
	EndGlobalSection
	GlobalSection(SolutionProperties) = preSolution
		HideSolutionNode = FALSE
	EndGlobalSection
	GlobalSection(ExtensibilityGlobals) = postSolution
		SolutionGuid = {FBA0D885-F1B2-470F-8E5C-28613005ECCF}
	EndGlobalSection
EndGlobal
